// !$*UTF8*$!
{
	archiveVersion = 1;
	classes = {
	};
	objectVersion = 55;
	objects = {

/* Begin PBXBuildFile section */
		2352A53B275CFD2D005F45F9 /* astronauts.json in Resources */ = {isa = PBXBuildFile; fileRef = 2352A539275CFD2D005F45F9 /* astronauts.json */; };
		2352A53C275CFD2D005F45F9 /* missions.json in Resources */ = {isa = PBXBuildFile; fileRef = 2352A53A275CFD2D005F45F9 /* missions.json */; };
		2352A53E275CFE02005F45F9 /* Astronaut.swift in Sources */ = {isa = PBXBuildFile; fileRef = 2352A53D275CFE02005F45F9 /* Astronaut.swift */; };
		2352A540275CFEDC005F45F9 /* Bundle-Decodable.swift in Sources */ = {isa = PBXBuildFile; fileRef = 2352A53F275CFEDC005F45F9 /* Bundle-Decodable.swift */; };
		2371B593274AA2CE00EE0993 /* MoonShotApp.swift in Sources */ = {isa = PBXBuildFile; fileRef = 2371B592274AA2CE00EE0993 /* MoonShotApp.swift */; };
		2371B595274AA2CE00EE0993 /* ContentView.swift in Sources */ = {isa = PBXBuildFile; fileRef = 2371B594274AA2CE00EE0993 /* ContentView.swift */; };
		2371B597274AA2D100EE0993 /* Assets.xcassets in Resources */ = {isa = PBXBuildFile; fileRef = 2371B596274AA2D100EE0993 /* Assets.xcassets */; };
		2371B59A274AA2D100EE0993 /* Preview Assets.xcassets in Resources */ = {isa = PBXBuildFile; fileRef = 2371B599274AA2D100EE0993 /* Preview Assets.xcassets */; };
		23DC4DB127652AC40052EC2B /* Missions.swift in Sources */ = {isa = PBXBuildFile; fileRef = 23DC4DB027652AC40052EC2B /* Missions.swift */; };
		23DC4DB3276537D00052EC2B /* Color-Theme.swift in Sources */ = {isa = PBXBuildFile; fileRef = 23DC4DB2276537D00052EC2B /* Color-Theme.swift */; };
		23F457CD2766121E007FEE7E /* MissionView.swift in Sources */ = {isa = PBXBuildFile; fileRef = 23F457CC2766121E007FEE7E /* MissionView.swift */; };
		23F457CF276651D3007FEE7E /* AstronautView.swift in Sources */ = {isa = PBXBuildFile; fileRef = 23F457CE276651D3007FEE7E /* AstronautView.swift */; };
		23F457D1276781B4007FEE7E /* GridLayout.swift in Sources */ = {isa = PBXBuildFile; fileRef = 23F457D0276781B3007FEE7E /* GridLayout.swift */; };
		23F457D327678639007FEE7E /* ListLayout.swift in Sources */ = {isa = PBXBuildFile; fileRef = 23F457D227678639007FEE7E /* ListLayout.swift */; };
/* End PBXBuildFile section */

/* Begin PBXFileReference section */
		2352A539275CFD2D005F45F9 /* astronauts.json */ = {isa = PBXFileReference; fileEncoding = 4; lastKnownFileType = text.json; path = astronauts.json; sourceTree = "<group>"; };
		2352A53A275CFD2D005F45F9 /* missions.json */ = {isa = PBXFileReference; fileEncoding = 4; lastKnownFileType = text.json; path = missions.json; sourceTree = "<group>"; };
		2352A53D275CFE02005F45F9 /* Astronaut.swift */ = {isa = PBXFileReference; lastKnownFileType = sourcecode.swift; path = Astronaut.swift; sourceTree = "<group>"; };
		2352A53F275CFEDC005F45F9 /* Bundle-Decodable.swift */ = {isa = PBXFileReference; lastKnownFileType = sourcecode.swift; path = "Bundle-Decodable.swift"; sourceTree = "<group>"; };
		2371B58F274AA2CE00EE0993 /* MoonShot.app */ = {isa = PBXFileReference; explicitFileType = wrapper.application; includeInIndex = 0; path = MoonShot.app; sourceTree = BUILT_PRODUCTS_DIR; };
		2371B592274AA2CE00EE0993 /* MoonShotApp.swift */ = {isa = PBXFileReference; lastKnownFileType = sourcecode.swift; path = MoonShotApp.swift; sourceTree = "<group>"; };
		2371B594274AA2CE00EE0993 /* ContentView.swift */ = {isa = PBXFileReference; lastKnownFileType = sourcecode.swift; path = ContentView.swift; sourceTree = "<group>"; };
		2371B596274AA2D100EE0993 /* Assets.xcassets */ = {isa = PBXFileReference; lastKnownFileType = folder.assetcatalog; path = Assets.xcassets; sourceTree = "<group>"; };
		2371B599274AA2D100EE0993 /* Preview Assets.xcassets */ = {isa = PBXFileReference; lastKnownFileType = folder.assetcatalog; path = "Preview Assets.xcassets"; sourceTree = "<group>"; };
		23DC4DB027652AC40052EC2B /* Missions.swift */ = {isa = PBXFileReference; lastKnownFileType = sourcecode.swift; path = Missions.swift; sourceTree = "<group>"; };
		23DC4DB2276537D00052EC2B /* Color-Theme.swift */ = {isa = PBXFileReference; lastKnownFileType = sourcecode.swift; path = "Color-Theme.swift"; sourceTree = "<group>"; };
		23F457CC2766121E007FEE7E /* MissionView.swift */ = {isa = PBXFileReference; lastKnownFileType = sourcecode.swift; path = MissionView.swift; sourceTree = "<group>"; };
		23F457CE276651D3007FEE7E /* AstronautView.swift */ = {isa = PBXFileReference; lastKnownFileType = sourcecode.swift; path = AstronautView.swift; sourceTree = "<group>"; };
		23F457D0276781B3007FEE7E /* GridLayout.swift */ = {isa = PBXFileReference; lastKnownFileType = sourcecode.swift; path = GridLayout.swift; sourceTree = "<group>"; };
		23F457D227678639007FEE7E /* ListLayout.swift */ = {isa = PBXFileReference; lastKnownFileType = sourcecode.swift; path = ListLayout.swift; sourceTree = "<group>"; };
/* End PBXFileReference section */

/* Begin PBXFrameworksBuildPhase section */
		2371B58C274AA2CE00EE0993 /* Frameworks */ = {
			isa = PBXFrameworksBuildPhase;
			buildActionMask = 2147483647;
			files = (
			);
			runOnlyForDeploymentPostprocessing = 0;
		};
/* End PBXFrameworksBuildPhase section */

/* Begin PBXGroup section */
		2371B586274AA2CE00EE0993 = {
			isa = PBXGroup;
			children = (
				2371B591274AA2CE00EE0993 /* MoonShot */,
				2371B590274AA2CE00EE0993 /* Products */,
			);
			sourceTree = "<group>";
		};
		2371B590274AA2CE00EE0993 /* Products */ = {
			isa = PBXGroup;
			children = (
				2371B58F274AA2CE00EE0993 /* MoonShot.app */,
			);
			name = Products;
			sourceTree = "<group>";
		};
		2371B591274AA2CE00EE0993 /* MoonShot */ = {
			isa = PBXGroup;
			children = (
				2371B592274AA2CE00EE0993 /* MoonShotApp.swift */,
				2371B594274AA2CE00EE0993 /* ContentView.swift */,
				23F457D227678639007FEE7E /* ListLayout.swift */,
				23F457D0276781B3007FEE7E /* GridLayout.swift */,
				23F457CC2766121E007FEE7E /* MissionView.swift */,
				23F457CE276651D3007FEE7E /* AstronautView.swift */,
				23DC4DB2276537D00052EC2B /* Color-Theme.swift */,
				2352A53D275CFE02005F45F9 /* Astronaut.swift */,
				2352A53F275CFEDC005F45F9 /* Bundle-Decodable.swift */,
				23DC4DB027652AC40052EC2B /* Missions.swift */,
				2371B596274AA2D100EE0993 /* Assets.xcassets */,
				2352A53A275CFD2D005F45F9 /* missions.json */,
				2352A539275CFD2D005F45F9 /* astronauts.json */,
				2371B598274AA2D100EE0993 /* Preview Content */,
			);
			path = MoonShot;
			sourceTree = "<group>";
		};
		2371B598274AA2D100EE0993 /* Preview Content */ = {
			isa = PBXGroup;
			children = (
				2371B599274AA2D100EE0993 /* Preview Assets.xcassets */,
			);
			path = "Preview Content";
			sourceTree = "<group>";
		};
/* End PBXGroup section */

/* Begin PBXNativeTarget section */
		2371B58E274AA2CE00EE0993 /* MoonShot */ = {
			isa = PBXNativeTarget;
			buildConfigurationList = 2371B59D274AA2D100EE0993 /* Build configuration list for PBXNativeTarget "MoonShot" */;
			buildPhases = (
				2371B58B274AA2CE00EE0993 /* Sources */,
				2371B58C274AA2CE00EE0993 /* Frameworks */,
				2371B58D274AA2CE00EE0993 /* Resources */,
			);
			buildRules = (
			);
			dependencies = (
			);
			name = MoonShot;
			productName = MoonShot;
			productReference = 2371B58F274AA2CE00EE0993 /* MoonShot.app */;
			productType = "com.apple.product-type.application";
		};
/* End PBXNativeTarget section */

/* Begin PBXProject section */
		2371B587274AA2CE00EE0993 /* Project object */ = {
			isa = PBXProject;
			attributes = {
				BuildIndependentTargetsInParallel = 1;
				LastSwiftUpdateCheck = 1300;
				LastUpgradeCheck = 1300;
				TargetAttributes = {
					2371B58E274AA2CE00EE0993 = {
						CreatedOnToolsVersion = 13.0;
					};
				};
			};
			buildConfigurationList = 2371B58A274AA2CE00EE0993 /* Build configuration list for PBXProject "MoonShot" */;
			compatibilityVersion = "Xcode 13.0";
			developmentRegion = en;
			hasScannedForEncodings = 0;
			knownRegions = (
				en,
				Base,
			);
			mainGroup = 2371B586274AA2CE00EE0993;
			productRefGroup = 2371B590274AA2CE00EE0993 /* Products */;
			projectDirPath = "";
			projectRoot = "";
			targets = (
				2371B58E274AA2CE00EE0993 /* MoonShot */,
			);
		};
/* End PBXProject section */

/* Begin PBXResourcesBuildPhase section */
		2371B58D274AA2CE00EE0993 /* Resources */ = {
			isa = PBXResourcesBuildPhase;
			buildActionMask = 2147483647;
			files = (
				2352A53B275CFD2D005F45F9 /* astronauts.json in Resources */,
				2371B59A274AA2D100EE0993 /* Preview Assets.xcassets in Resources */,
				2352A53C275CFD2D005F45F9 /* missions.json in Resources */,
				2371B597274AA2D100EE0993 /* Assets.xcassets in Resources */,
			);
			runOnlyForDeploymentPostprocessing = 0;
		};
/* End PBXResourcesBuildPhase section */

/* Begin PBXSourcesBuildPhase section */
		2371B58B274AA2CE00EE0993 /* Sources */ = {
			isa = PBXSourcesBuildPhase;
			buildActionMask = 2147483647;
			files = (
				23F457CD2766121E007FEE7E /* MissionView.swift in Sources */,
				2352A53E275CFE02005F45F9 /* Astronaut.swift in Sources */,
				23F457CF276651D3007FEE7E /* AstronautView.swift in Sources */,
				23F457D327678639007FEE7E /* ListLayout.swift in Sources */,
				23DC4DB3276537D00052EC2B /* Color-Theme.swift in Sources */,
				2371B595274AA2CE00EE0993 /* ContentView.swift in Sources */,
				23DC4DB127652AC40052EC2B /* Missions.swift in Sources */,
				23F457D1276781B4007FEE7E /* GridLayout.swift in Sources */,
				2371B593274AA2CE00EE0993 /* MoonShotApp.swift in Sources */,
				2352A540275CFEDC005F45F9 /* Bundle-Decodable.swift in Sources */,
			);
			runOnlyForDeploymentPostprocessing = 0;
		};
/* End PBXSourcesBuildPhase section */

/* Begin XCBuildConfiguration section */
		2371B59B274AA2D100EE0993 /* Debug */ = {
			isa = XCBuildConfiguration;
			buildSettings = {
				ALWAYS_SEARCH_USER_PATHS = NO;
				CLANG_ANALYZER_NONNULL = YES;
				CLANG_ANALYZER_NUMBER_OBJECT_CONVERSION = YES_AGGRESSIVE;
				CLANG_CXX_LANGUAGE_STANDARD = "gnu++17";
				CLANG_CXX_LIBRARY = "libc++";
				CLANG_ENABLE_MODULES = YES;
				CLANG_ENABLE_OBJC_ARC = YES;
				CLANG_ENABLE_OBJC_WEAK = YES;
				CLANG_WARN_BLOCK_CAPTURE_AUTORELEASING = YES;
				CLANG_WARN_BOOL_CONVERSION = YES;
				CLANG_WARN_COMMA = YES;
				CLANG_WARN_CONSTANT_CONVERSION = YES;
				CLANG_WARN_DEPRECATED_OBJC_IMPLEMENTATIONS = YES;
				CLANG_WARN_DIRECT_OBJC_ISA_USAGE = YES_ERROR;
				CLANG_WARN_DOCUMENTATION_COMMENTS = YES;
				CLANG_WARN_EMPTY_BODY = YES;
				CLANG_WARN_ENUM_CONVERSION = YES;
				CLANG_WARN_INFINITE_RECURSION = YES;
				CLANG_WARN_INT_CONVERSION = YES;
				CLANG_WARN_NON_LITERAL_NULL_CONVERSION = YES;
				CLANG_WARN_OBJC_IMPLICIT_RETAIN_SELF = YES;
				CLANG_WARN_OBJC_LITERAL_CONVERSION = YES;
				CLANG_WARN_OBJC_ROOT_CLASS = YES_ERROR;
				CLANG_WARN_QUOTED_INCLUDE_IN_FRAMEWORK_HEADER = YES;
				CLANG_WARN_RANGE_LOOP_ANALYSIS = YES;
				CLANG_WARN_STRICT_PROTOTYPES = YES;
				CLANG_WARN_SUSPICIOUS_MOVE = YES;
				CLANG_WARN_UNGUARDED_AVAILABILITY = YES_AGGRESSIVE;
				CLANG_WARN_UNREACHABLE_CODE = YES;
				CLANG_WARN__DUPLICATE_METHOD_MATCH = YES;
				COPY_PHASE_STRIP = NO;
				DEBUG_INFORMATION_FORMAT = dwarf;
				ENABLE_STRICT_OBJC_MSGSEND = YES;
				ENABLE_TESTABILITY = YES;
				GCC_C_LANGUAGE_STANDARD = gnu11;
				GCC_DYNAMIC_NO_PIC = NO;
				GCC_NO_COMMON_BLOCKS = YES;
				GCC_OPTIMIZATION_LEVEL = 0;
				GCC_PREPROCESSOR_DEFINITIONS = (
					"DEBUG=1",
					"$(inherited)",
				);
				GCC_WARN_64_TO_32_BIT_CONVERSION = YES;
				GCC_WARN_ABOUT_RETURN_TYPE = YES_ERROR;
				GCC_WARN_UNDECLARED_SELECTOR = YES;
				GCC_WARN_UNINITIALIZED_AUTOS = YES_AGGRESSIVE;
				GCC_WARN_UNUSED_FUNCTION = YES;
				GCC_WARN_UNUSED_VARIABLE = YES;
				IPHONEOS_DEPLOYMENT_TARGET = 15.0;
				MTL_ENABLE_DEBUG_INFO = INCLUDE_SOURCE;
				MTL_FAST_MATH = YES;
				ONLY_ACTIVE_ARCH = YES;
				SDKROOT = iphoneos;
				SWIFT_ACTIVE_COMPILATION_CONDITIONS = DEBUG;
				SWIFT_OPTIMIZATION_LEVEL = "-Onone";
			};
			name = Debug;
		};
		2371B59C274AA2D100EE0993 /* Release */ = {
			isa = XCBuildConfiguration;
			buildSettings = {
				ALWAYS_SEARCH_USER_PATHS = NO;
				CLANG_ANALYZER_NONNULL = YES;
				CLANG_ANALYZER_NUMBER_OBJECT_CONVERSION = YES_AGGRESSIVE;
				CLANG_CXX_LANGUAGE_STANDARD = "gnu++17";
				CLANG_CXX_LIBRARY = "libc++";
				CLANG_ENABLE_MODULES = YES;
				CLANG_ENABLE_OBJC_ARC = YES;
				CLANG_ENABLE_OBJC_WEAK = YES;
				CLANG_WARN_BLOCK_CAPTURE_AUTORELEASING = YES;
				CLANG_WARN_BOOL_CONVERSION = YES;
				CLANG_WARN_COMMA = YES;
				CLANG_WARN_CONSTANT_CONVERSION = YES;
				CLANG_WARN_DEPRECATED_OBJC_IMPLEMENTATIONS = YES;
				CLANG_WARN_DIRECT_OBJC_ISA_USAGE = YES_ERROR;
				CLANG_WARN_DOCUMENTATION_COMMENTS = YES;
				CLANG_WARN_EMPTY_BODY = YES;
				CLANG_WARN_ENUM_CONVERSION = YES;
				CLANG_WARN_INFINITE_RECURSION = YES;
				CLANG_WARN_INT_CONVERSION = YES;
				CLANG_WARN_NON_LITERAL_NULL_CONVERSION = YES;
				CLANG_WARN_OBJC_IMPLICIT_RETAIN_SELF = YES;
				CLANG_WARN_OBJC_LITERAL_CONVERSION = YES;
				CLANG_WARN_OBJC_ROOT_CLASS = YES_ERROR;
				CLANG_WARN_QUOTED_INCLUDE_IN_FRAMEWORK_HEADER = YES;
				CLANG_WARN_RANGE_LOOP_ANALYSIS = YES;
				CLANG_WARN_STRICT_PROTOTYPES = YES;
				CLANG_WARN_SUSPICIOUS_MOVE = YES;
				CLANG_WARN_UNGUARDED_AVAILABILITY = YES_AGGRESSIVE;
				CLANG_WARN_UNREACHABLE_CODE = YES;
				CLANG_WARN__DUPLICATE_METHOD_MATCH = YES;
				COPY_PHASE_STRIP = NO;
				DEBUG_INFORMATION_FORMAT = "dwarf-with-dsym";
				ENABLE_NS_ASSERTIONS = NO;
				ENABLE_STRICT_OBJC_MSGSEND = YES;
				GCC_C_LANGUAGE_STANDARD = gnu11;
				GCC_NO_COMMON_BLOCKS = YES;
				GCC_WARN_64_TO_32_BIT_CONVERSION = YES;
				GCC_WARN_ABOUT_RETURN_TYPE = YES_ERROR;
				GCC_WARN_UNDECLARED_SELECTOR = YES;
				GCC_WARN_UNINITIALIZED_AUTOS = YES_AGGRESSIVE;
				GCC_WARN_UNUSED_FUNCTION = YES;
				GCC_WARN_UNUSED_VARIABLE = YES;
				IPHONEOS_DEPLOYMENT_TARGET = 15.0;
				MTL_ENABLE_DEBUG_INFO = NO;
				MTL_FAST_MATH = YES;
				SDKROOT = iphoneos;
				SWIFT_COMPILATION_MODE = wholemodule;
				SWIFT_OPTIMIZATION_LEVEL = "-O";
				VALIDATE_PRODUCT = YES;
			};
			name = Release;
		};
		2371B59E274AA2D100EE0993 /* Debug */ = {
			isa = XCBuildConfiguration;
			buildSettings = {
				ASSETCATALOG_COMPILER_APPICON_NAME = AppIcon;
				ASSETCATALOG_COMPILER_GLOBAL_ACCENT_COLOR_NAME = AccentColor;
				CODE_SIGN_STYLE = Automatic;
				CURRENT_PROJECT_VERSION = 1;
				DEVELOPMENT_ASSET_PATHS = "\"MoonShot/Preview Content\"";
				DEVELOPMENT_TEAM = 5QY5M97RPB;
				ENABLE_PREVIEWS = YES;
				GENERATE_INFOPLIST_FILE = YES;
				INFOPLIST_KEY_UIApplicationSceneManifest_Generation = YES;
				INFOPLIST_KEY_UIApplicationSupportsIndirectInputEvents = YES;
				INFOPLIST_KEY_UILaunchScreen_Generation = YES;
				INFOPLIST_KEY_UISupportedInterfaceOrientations_iPad = "UIInterfaceOrientationPortrait UIInterfaceOrientationPortraitUpsideDown UIInterfaceOrientationLandscapeLeft UIInterfaceOrientationLandscapeRight";
				INFOPLIST_KEY_UISupportedInterfaceOrientations_iPhone = "UIInterfaceOrientationPortrait UIInterfaceOrientationLandscapeLeft UIInterfaceOrientationLandscapeRight";
				IPHONEOS_DEPLOYMENT_TARGET = 15.0;
				LD_RUNPATH_SEARCH_PATHS = (
					"$(inherited)",
					"@executable_path/Frameworks",
				);
				MARKETING_VERSION = 1.0;
				PRODUCT_BUNDLE_IDENTIFIER = "pl.dexus.test-lucek.moonshot";
				PRODUCT_NAME = "$(TARGET_NAME)";
				SWIFT_EMIT_LOC_STRINGS = YES;
				SWIFT_VERSION = 5.0;
				TARGETED_DEVICE_FAMILY = "1,2";
			};
			name = Debug;
		};
		2371B59F274AA2D100EE0993 /* Release */ = {
			isa = XCBuildConfiguration;
			buildSettings = {
				ASSETCATALOG_COMPILER_APPICON_NAME = AppIcon;
				ASSETCATALOG_COMPILER_GLOBAL_ACCENT_COLOR_NAME = AccentColor;
				CODE_SIGN_STYLE = Automatic;
				CURRENT_PROJECT_VERSION = 1;
				DEVELOPMENT_ASSET_PATHS = "\"MoonShot/Preview Content\"";
				DEVELOPMENT_TEAM = 5QY5M97RPB;
				ENABLE_PREVIEWS = YES;
				GENERATE_INFOPLIST_FILE = YES;
				INFOPLIST_KEY_UIApplicationSceneManifest_Generation = YES;
				INFOPLIST_KEY_UIApplicationSupportsIndirectInputEvents = YES;
				INFOPLIST_KEY_UILaunchScreen_Generation = YES;
				INFOPLIST_KEY_UISupportedInterfaceOrientations_iPad = "UIInterfaceOrientationPortrait UIInterfaceOrientationPortraitUpsideDown UIInterfaceOrientationLandscapeLeft UIInterfaceOrientationLandscapeRight";
				INFOPLIST_KEY_UISupportedInterfaceOrientations_iPhone = "UIInterfaceOrientationPortrait UIInterfaceOrientationLandscapeLeft UIInterfaceOrientationLandscapeRight";
				IPHONEOS_DEPLOYMENT_TARGET = 15.0;
				LD_RUNPATH_SEARCH_PATHS = (
					"$(inherited)",
					"@executable_path/Frameworks",
				);
				MARKETING_VERSION = 1.0;
				PRODUCT_BUNDLE_IDENTIFIER = "pl.dexus.test-lucek.moonshot";
				PRODUCT_NAME = "$(TARGET_NAME)";
				SWIFT_EMIT_LOC_STRINGS = YES;
				SWIFT_VERSION = 5.0;
				TARGETED_DEVICE_FAMILY = "1,2";
			};
			name = Release;
		};
/* End XCBuildConfiguration section */

/* Begin XCConfigurationList section */
		2371B58A274AA2CE00EE0993 /* Build configuration list for PBXProject "MoonShot" */ = {
			isa = XCConfigurationList;
			buildConfigurations = (
				2371B59B274AA2D100EE0993 /* Debug */,
				2371B59C274AA2D100EE0993 /* Release */,
			);
			defaultConfigurationIsVisible = 0;
			defaultConfigurationName = Release;
		};
		2371B59D274AA2D100EE0993 /* Build configuration list for PBXNativeTarget "MoonShot" */ = {
			isa = XCConfigurationList;
			buildConfigurations = (
				2371B59E274AA2D100EE0993 /* Debug */,
				2371B59F274AA2D100EE0993 /* Release */,
			);
			defaultConfigurationIsVisible = 0;
			defaultConfigurationName = Release;
		};
/* End XCConfigurationList section */
	};
	rootObject = 2371B587274AA2CE00EE0993 /* Project object */;
}
